
Microsoft Visual Studio Solution File, Format Version 12.00
# Visual Studio Version 16
VisualStudioVersion = 16.0.31729.503
MinimumVisualStudioVersion = 10.0.40219.1
Project("{8BC9CEB8-8B4A-11D0-8D11-00A0C91BC942}") = "Pointer_Depth_learning", "Pointer_Depth_learning\Pointer_Depth_learning.vcxproj", "{5889264C-9FC4-40D7-9AFE-667E629300B4}"
EndProject
Global
	GlobalSection(SolutionConfigurationPlatforms) = preSolution
		Debug|x64 = Debug|x64
		Debug|x86 = Debug|x86
		Release|x64 = Release|x64
		Release|x86 = Release|x86
	EndGlobalSection
	GlobalSection(ProjectConfigurationPlatforms) = postSolution
		{5889264C-9FC4-40D7-9AFE-667E629300B4}.Debug|x64.ActiveCfg = Debug|x64
		{5889264C-9FC4-40D7-9AFE-667E629300B4}.Debug|x64.Build.0 = Debug|x64
		{5889264C-9FC4-40D7-9AFE-667E629300B4}.Debug|x86.ActiveCfg = Debug|Win32
		{5889264C-9FC4-40D7-9AFE-667E629300B4}.Debug|x86.Build.0 = Debug|Win32
		{5889264C-9FC4-40D7-9AFE-667E629300B4}.Release|x64.ActiveCfg = Release|x64
		{5889264C-9FC4-40D7-9AFE-667E629300B4}.Release|x64.Build.0 = Release|x64
		{5889264C-9FC4-40D7-9AFE-667E629300B4}.Release|x86.ActiveCfg = Release|Win32
		{5889264C-9FC4-40D7-9AFE-667E629300B4}.Release|x86.Build.0 = Release|Win32
	EndGlobalSection
	GlobalSection(SolutionProperties) = preSolution
		HideSolutionNode = FALSE
	EndGlobalSection
	GlobalSection(ExtensibilityGlobals) = postSolution
		SolutionGuid = {77A8791D-A0B1-4719-9760-21E880CDEF72}
	EndGlobalSection
EndGlobal
